
Microsoft Visual Studio Solution File, Format Version 12.00
# Visual Studio Version 17
VisualStudioVersion = 17.11.35327.3
MinimumVisualStudioVersion = 10.0.40219.1
Project("{FAE04EC0-301F-11D3-BF4B-00C04F79EFBC}") = "LifeFlowConsulting.UI.MVC", "LifeFlowConsulting.UI.MVC\LifeFlowConsulting.UI.MVC.csproj", "{5889FF1E-8D02-4399-BC8A-287314875075}"
EndProject
Project("{FAE04EC0-301F-11D3-BF4B-00C04F79EFBC}") = "LifeFlowConsulting.DATA.EF", "LifeFlowConsulting.DATA.EF\LifeFlowConsulting.DATA.EF.csproj", "{7D3044D4-7E99-4160-819B-31F913F45AC8}"
EndProject
Global
	GlobalSection(SolutionConfigurationPlatforms) = preSolution
		Debug|Any CPU = Debug|Any CPU
		Release|Any CPU = Release|Any CPU
	EndGlobalSection
	GlobalSection(ProjectConfigurationPlatforms) = postSolution
		{5889FF1E-8D02-4399-BC8A-287314875075}.Debug|Any CPU.ActiveCfg = Debug|Any CPU
		{5889FF1E-8D02-4399-BC8A-287314875075}.Debug|Any CPU.Build.0 = Debug|Any CPU
		{5889FF1E-8D02-4399-BC8A-287314875075}.Release|Any CPU.ActiveCfg = Release|Any CPU
		{5889FF1E-8D02-4399-BC8A-287314875075}.Release|Any CPU.Build.0 = Release|Any CPU
		{7D3044D4-7E99-4160-819B-31F913F45AC8}.Debug|Any CPU.ActiveCfg = Debug|Any CPU
		{7D3044D4-7E99-4160-819B-31F913F45AC8}.Debug|Any CPU.Build.0 = Debug|Any CPU
		{7D3044D4-7E99-4160-819B-31F913F45AC8}.Release|Any CPU.ActiveCfg = Release|Any CPU
		{7D3044D4-7E99-4160-819B-31F913F45AC8}.Release|Any CPU.Build.0 = Release|Any CPU
	EndGlobalSection
	GlobalSection(SolutionProperties) = preSolution
		HideSolutionNode = FALSE
	EndGlobalSection
	GlobalSection(ExtensibilityGlobals) = postSolution
		SolutionGuid = {57A71CA5-8B12-4813-9A1F-C3A7943B1651}
	EndGlobalSection
EndGlobal
